{
	"name": "dan.onl",
	"version": "0.1.0",
	"lockfileVersion": 1,
	"requires": true,
	"dependencies": {
		"@behold/react": {
			"version": "0.1.10",
			"resolved": "https://registry.npmjs.org/@behold/react/-/react-0.1.10.tgz",
			"integrity": "sha512-0qJQ9WVPSmoGLAEQrBzYt1Wdm72mPUDeNqB4Raf5dttH5hzLEuXCKZalR7A1usSOdo8I0MuP3AcQV6+i4zKKyQ=="
		},
		"preact": {
			"version": "10.22.0",
			"resolved": "https://registry.npmjs.org/preact/-/preact-10.22.0.tgz",
			"integrity": "sha512-RRurnSjJPj4rp5K6XoP45Ui33ncb7e4H7WiOHVpjbkvqvA3U+N8Z6Qbo0AE6leGYBV66n8EhEaFixvIu3SkxFw=="
		},
		"react": {
			"version": "npm:@preact/compat@17.1.2",
			"resolved": "https://registry.npmjs.org/@preact/compat/-/compat-17.1.2.tgz",
			"integrity": "sha512-7pOZN9lMDDRQ+6aWvjwTp483KR8/zOpfS83wmOo3zfuLKdngS8/5RLbsFWzFZMGdYlotAhX980hJ75bjOHTwWg=="
		},
		"react-dom": {
			"version": "npm:@preact/compat@17.1.2",
			"resolved": "https://registry.npmjs.org/@preact/compat/-/compat-17.1.2.tgz",
			"integrity": "sha512-7pOZN9lMDDRQ+6aWvjwTp483KR8/zOpfS83wmOo3zfuLKdngS8/5RLbsFWzFZMGdYlotAhX980hJ75bjOHTwWg=="
		}
	}
}
